{
  "name": "aurelia",
  "version": "1.0.0",
  "lockfileVersion": 2,
  "requires": true,
  "packages": {
    "": {
      "name": "aurelia",
      "version": "1.0.0",
      "license": "ISC",
      "dependencies": {
        "parliamentarch": "^3.1.0"
      }
    },
    "node_modules/parliamentarch": {
      "version": "3.1.0",
      "resolved": "https://registry.npmjs.org/parliamentarch/-/parliamentarch-3.1.0.tgz",
      "integrity": "sha512-Q5AtkosXF1pEEnEPvwH5aWnLuIwGTmnD67G+zPZsmNUQKiINCRj2ddJSJrzQDZ44fIotYq5dAM9RvXUlmJdMvQ==",
      "funding": {
        "url": "https://ko-fi.com/gouvernathor"
      },
      "peerDependencies": {
        "jsdom": "^25.0.1"
      },
      "peerDependenciesMeta": {
        "jsdom": {
          "optional": true
        }
      }
    }
  },
  "dependencies": {
    "parliamentarch": {
      "version": "3.1.0",
      "resolved": "https://registry.npmjs.org/parliamentarch/-/parliamentarch-3.1.0.tgz",
      "integrity": "sha512-Q5AtkosXF1pEEnEPvwH5aWnLuIwGTmnD67G+zPZsmNUQKiINCRj2ddJSJrzQDZ44fIotYq5dAM9RvXUlmJdMvQ==",
      "requires": {}
    }
  }
}
